# This file is automatically @generated by Cargo.
# It is not intended for manual editing.
version = 4

[[package]]
name = "chess"
version = "0.1.0"
source = "git+https://github.com/sklbz/chess-board-representation?branch=master#f47cf6f9b57eff7611db3fefe2b13fc212d8e46a"

[[package]]
name = "pgn-crunker"
version = "0.1.0"
dependencies = [
 "chess",
]
