# This file is automatically @generated by Cargo.
# It is not intended for manual editing.
version = 4

[[package]]
name = "chess"
version = "0.1.0"
source = "git+https://github.com/sklbz/chess-board-representation?branch=master#e9f294c422a3f890c33ca8517897c2817e2e8ccb"

[[package]]
name = "pgn-crunker"
version = "0.1.0"
dependencies = [
 "chess",
]
